
Microsoft Visual Studio Solution File, Format Version 12.00
# Visual Studio Version 17
VisualStudioVersion = 17.0.31717.71
MinimumVisualStudioVersion = 10.0.40219.1
Project("{FAE04EC0-301F-11D3-BF4B-00C04F79EFBC}") = "LessonBot", "LessonBot.csproj", "{7F513639-3BA1-45E3-B3FC-83BCB2CE613F}"
EndProject
Global
	GlobalSection(SolutionConfigurationPlatforms) = preSolution
		Debug|Any CPU = Debug|Any CPU
		Release|Any CPU = Release|Any CPU
	EndGlobalSection
	GlobalSection(ProjectConfigurationPlatforms) = postSolution
		{7F513639-3BA1-45E3-B3FC-83BCB2CE613F}.Debug|Any CPU.ActiveCfg = Debug|Any CPU
		{7F513639-3BA1-45E3-B3FC-83BCB2CE613F}.Debug|Any CPU.Build.0 = Debug|Any CPU
		{7F513639-3BA1-45E3-B3FC-83BCB2CE613F}.Release|Any CPU.ActiveCfg = Release|Any CPU
		{7F513639-3BA1-45E3-B3FC-83BCB2CE613F}.Release|Any CPU.Build.0 = Release|Any CPU
	EndGlobalSection
	GlobalSection(SolutionProperties) = preSolution
		HideSolutionNode = FALSE
	EndGlobalSection
	GlobalSection(ExtensibilityGlobals) = postSolution
		SolutionGuid = {A07D4D9E-AC03-4FF1-8C84-D072BFD2FDB5}
	EndGlobalSection
EndGlobal
